PODS:
  - Flutter (1.0.0)
  - flutter_inappwebview (0.0.1):
    - Flutter
  - objectbox_flutter_libs (0.0.1):
    - Flutter
  - path_provider (0.0.1):
    - Flutter

DEPENDENCIES:
  - Flutter (from `Flutter`)
  - flutter_inappwebview (from `.symlinks/plugins/flutter_inappwebview/ios`)
  - objectbox_flutter_libs (from `.symlinks/plugins/objectbox_flutter_libs/ios`)
  - path_provider (from `.symlinks/plugins/path_provider/ios`)

EXTERNAL SOURCES:
  Flutter:
    :path: Flutter
  flutter_inappwebview:
    :path: ".symlinks/plugins/flutter_inappwebview/ios"
  objectbox_flutter_libs:
    :path: ".symlinks/plugins/objectbox_flutter_libs/ios"
  path_provider:
    :path: ".symlinks/plugins/path_provider/ios"

SPEC CHECKSUMS:
  Flutter: 0e3d915762c693b495b44d77113d4970485de6ec
  flutter_inappwebview: 69dfbac46157b336ffbec19ca6dfd4638c7bf189
  objectbox_flutter_libs: 22c73ff60cb67a3d7e347ca4fb32ffd59c415f08
  path_provider: abfe2b5c733d04e238b0d8691db0cfd63a27a93c

PODFILE CHECKSUM: aafe91acc616949ddb318b77800a7f51bffa2a4c

COCOAPODS: 1.10.0
